// !$*UTF8*$!
{
	archiveVersion = 1;
	classes = {
	};
	objectVersion = 46;
	objects = {

/* Begin PBXBuildFile section */
		2DDB39D01A33B61000FB4D5D /* AppDelegate.swift in Sources */ = {isa = PBXBuildFile; fileRef = 2DDB39CF1A33B61000FB4D5D /* AppDelegate.swift */; };
		2DDB39D31A33B61100FB4D5D /* Stormy.xcdatamodeld in Sources */ = {isa = PBXBuildFile; fileRef = 2DDB39D11A33B61000FB4D5D /* Stormy.xcdatamodeld */; };
		2DDB39D51A33B61100FB4D5D /* ViewController.swift in Sources */ = {isa = PBXBuildFile; fileRef = 2DDB39D41A33B61100FB4D5D /* ViewController.swift */; };
		2DDB39D81A33B61100FB4D5D /* Main.storyboard in Resources */ = {isa = PBXBuildFile; fileRef = 2DDB39D61A33B61100FB4D5D /* Main.storyboard */; };
		2DDB39DA1A33B61100FB4D5D /* Images.xcassets in Resources */ = {isa = PBXBuildFile; fileRef = 2DDB39D91A33B61100FB4D5D /* Images.xcassets */; };
		2DDB39DD1A33B61100FB4D5D /* LaunchScreen.xib in Resources */ = {isa = PBXBuildFile; fileRef = 2DDB39DB1A33B61100FB4D5D /* LaunchScreen.xib */; };
		2DDB39E91A33B61100FB4D5D /* StormyTests.swift in Sources */ = {isa = PBXBuildFile; fileRef = 2DDB39E81A33B61100FB4D5D /* StormyTests.swift */; };
		2DDB39F31A33F31D00FB4D5D /* Current.swift in Sources */ = {isa = PBXBuildFile; fileRef = 2DDB39F21A33F31C00FB4D5D /* Current.swift */; };
/* End PBXBuildFile section */

/* Begin PBXContainerItemProxy section */
		2DDB39E31A33B61100FB4D5D /* PBXContainerItemProxy */ = {
			isa = PBXContainerItemProxy;
			containerPortal = 2DDB39C21A33B61000FB4D5D /* Project object */;
			proxyType = 1;
			remoteGlobalIDString = 2DDB39C91A33B61000FB4D5D;
			remoteInfo = Stormy;
		};
/* End PBXContainerItemProxy section */

/* Begin PBXFileReference section */
		2DDB39CA1A33B61000FB4D5D /* Stormy.app */ = {isa = PBXFileReference; explicitFileType = wrapper.application; includeInIndex = 0; path = Stormy.app; sourceTree = BUILT_PRODUCTS_DIR; };
		2DDB39CE1A33B61000FB4D5D /* Info.plist */ = {isa = PBXFileReference; lastKnownFileType = text.plist.xml; path = Info.plist; sourceTree = "<group>"; };
		2DDB39CF1A33B61000FB4D5D /* AppDelegate.swift */ = {isa = PBXFileReference; lastKnownFileType = sourcecode.swift; path = AppDelegate.swift; sourceTree = "<group>"; };
		2DDB39D21A33B61000FB4D5D /* Stormy.xcdatamodel */ = {isa = PBXFileReference; lastKnownFileType = wrapper.xcdatamodel; path = Stormy.xcdatamodel; sourceTree = "<group>"; };
		2DDB39D41A33B61100FB4D5D /* ViewController.swift */ = {isa = PBXFileReference; lastKnownFileType = sourcecode.swift; path = ViewController.swift; sourceTree = "<group>"; };
		2DDB39D71A33B61100FB4D5D /* Base */ = {isa = PBXFileReference; lastKnownFileType = file.storyboard; name = Base; path = Base.lproj/Main.storyboard; sourceTree = "<group>"; };
		2DDB39D91A33B61100FB4D5D /* Images.xcassets */ = {isa = PBXFileReference; lastKnownFileType = folder.assetcatalog; path = Images.xcassets; sourceTree = "<group>"; };
		2DDB39DC1A33B61100FB4D5D /* Base */ = {isa = PBXFileReference; lastKnownFileType = file.xib; name = Base; path = Base.lproj/LaunchScreen.xib; sourceTree = "<group>"; };
		2DDB39E21A33B61100FB4D5D /* StormyTests.xctest */ = {isa = PBXFileReference; explicitFileType = wrapper.cfbundle; includeInIndex = 0; path = StormyTests.xctest; sourceTree = BUILT_PRODUCTS_DIR; };
		2DDB39E71A33B61100FB4D5D /* Info.plist */ = {isa = PBXFileReference; lastKnownFileType = text.plist.xml; path = Info.plist; sourceTree = "<group>"; };
		2DDB39E81A33B61100FB4D5D /* StormyTests.swift */ = {isa = PBXFileReference; lastKnownFileType = sourcecode.swift; path = StormyTests.swift; sourceTree = "<group>"; };
		2DDB39F21A33F31C00FB4D5D /* Current.swift */ = {isa = PBXFileReference; fileEncoding = 4; lastKnownFileType = sourcecode.swift; path = Current.swift; sourceTree = "<group>"; };
/* End PBXFileReference section */

/* Begin PBXFrameworksBuildPhase section */
		2DDB39C71A33B61000FB4D5D /* Frameworks */ = {
			isa = PBXFrameworksBuildPhase;
			buildActionMask = 2147483647;
			files = (
			);
			runOnlyForDeploymentPostprocessing = 0;
		};
		2DDB39DF1A33B61100FB4D5D /* Frameworks */ = {
			isa = PBXFrameworksBuildPhase;
			buildActionMask = 2147483647;
			files = (
			);
			runOnlyForDeploymentPostprocessing = 0;
		};
/* End PBXFrameworksBuildPhase section */

/* Begin PBXGroup section */
		2DDB39C11A33B61000FB4D5D = {
			isa = PBXGroup;
			children = (
				2DDB39CC1A33B61000FB4D5D /* Stormy */,
				2DDB39E51A33B61100FB4D5D /* StormyTests */,
				2DDB39CB1A33B61000FB4D5D /* Products */,
			);
			sourceTree = "<group>";
		};
		2DDB39CB1A33B61000FB4D5D /* Products */ = {
			isa = PBXGroup;
			children = (
				2DDB39CA1A33B61000FB4D5D /* Stormy.app */,
				2DDB39E21A33B61100FB4D5D /* StormyTests.xctest */,
			);
			name = Products;
			sourceTree = "<group>";
		};
		2DDB39CC1A33B61000FB4D5D /* Stormy */ = {
			isa = PBXGroup;
			children = (
				2DDB39CF1A33B61000FB4D5D /* AppDelegate.swift */,
				2DDB39D41A33B61100FB4D5D /* ViewController.swift */,
				2DDB39F21A33F31C00FB4D5D /* Current.swift */,
				2DDB39D61A33B61100FB4D5D /* Main.storyboard */,
				2DDB39D91A33B61100FB4D5D /* Images.xcassets */,
				2DDB39DB1A33B61100FB4D5D /* LaunchScreen.xib */,
				2DDB39D11A33B61000FB4D5D /* Stormy.xcdatamodeld */,
				2DDB39CD1A33B61000FB4D5D /* Supporting Files */,
			);
			path = Stormy;
			sourceTree = "<group>";
		};
		2DDB39CD1A33B61000FB4D5D /* Supporting Files */ = {
			isa = PBXGroup;
			children = (
				2DDB39CE1A33B61000FB4D5D /* Info.plist */,
			);
			name = "Supporting Files";
			sourceTree = "<group>";
		};
		2DDB39E51A33B61100FB4D5D /* StormyTests */ = {
			isa = PBXGroup;
			children = (
				2DDB39E81A33B61100FB4D5D /* StormyTests.swift */,
				2DDB39E61A33B61100FB4D5D /* Supporting Files */,
			);
			path = StormyTests;
			sourceTree = "<group>";
		};
		2DDB39E61A33B61100FB4D5D /* Supporting Files */ = {
			isa = PBXGroup;
			children = (
				2DDB39E71A33B61100FB4D5D /* Info.plist */,
			);
			name = "Supporting Files";
			sourceTree = "<group>";
		};
/* End PBXGroup section */

/* Begin PBXNativeTarget section */
		2DDB39C91A33B61000FB4D5D /* Stormy */ = {
			isa = PBXNativeTarget;
			buildConfigurationList = 2DDB39EC1A33B61100FB4D5D /* Build configuration list for PBXNativeTarget "Stormy" */;
			buildPhases = (
				2DDB39C61A33B61000FB4D5D /* Sources */,
				2DDB39C71A33B61000FB4D5D /* Frameworks */,
				2DDB39C81A33B61000FB4D5D /* Resources */,
			);
			buildRules = (
			);
			dependencies = (
			);
			name = Stormy;
			productName = Stormy;
			productReference = 2DDB39CA1A33B61000FB4D5D /* Stormy.app */;
			productType = "com.apple.product-type.application";
		};
		2DDB39E11A33B61100FB4D5D /* StormyTests */ = {
			isa = PBXNativeTarget;
			buildConfigurationList = 2DDB39EF1A33B61100FB4D5D /* Build configuration list for PBXNativeTarget "StormyTests" */;
			buildPhases = (
				2DDB39DE1A33B61100FB4D5D /* Sources */,
				2DDB39DF1A33B61100FB4D5D /* Frameworks */,
				2DDB39E01A33B61100FB4D5D /* Resources */,
			);
			buildRules = (
			);
			dependencies = (
				2DDB39E41A33B61100FB4D5D /* PBXTargetDependency */,
			);
			name = StormyTests;
			productName = StormyTests;
			productReference = 2DDB39E21A33B61100FB4D5D /* StormyTests.xctest */;
			productType = "com.apple.product-type.bundle.unit-test";
		};
/* End PBXNativeTarget section */

/* Begin PBXProject section */
		2DDB39C21A33B61000FB4D5D /* Project object */ = {
			isa = PBXProject;
			attributes = {
				LastUpgradeCheck = 0610;
				ORGANIZATIONNAME = "Hannah Gibson";
				TargetAttributes = {
					2DDB39C91A33B61000FB4D5D = {
						CreatedOnToolsVersion = 6.1;
					};
					2DDB39E11A33B61100FB4D5D = {
						CreatedOnToolsVersion = 6.1;
						TestTargetID = 2DDB39C91A33B61000FB4D5D;
					};
				};
			};
			buildConfigurationList = 2DDB39C51A33B61000FB4D5D /* Build configuration list for PBXProject "Stormy" */;
			compatibilityVersion = "Xcode 3.2";
			developmentRegion = English;
			hasScannedForEncodings = 0;
			knownRegions = (
				en,
				Base,
			);
			mainGroup = 2DDB39C11A33B61000FB4D5D;
			productRefGroup = 2DDB39CB1A33B61000FB4D5D /* Products */;
			projectDirPath = "";
			projectRoot = "";
			targets = (
				2DDB39C91A33B61000FB4D5D /* Stormy */,
				2DDB39E11A33B61100FB4D5D /* StormyTests */,
			);
		};
/* End PBXProject section */

/* Begin PBXResourcesBuildPhase section */
		2DDB39C81A33B61000FB4D5D /* Resources */ = {
			isa = PBXResourcesBuildPhase;
			buildActionMask = 2147483647;
			files = (
				2DDB39D81A33B61100FB4D5D /* Main.storyboard in Resources */,
				2DDB39DD1A33B61100FB4D5D /* LaunchScreen.xib in Resources */,
				2DDB39DA1A33B61100FB4D5D /* Images.xcassets in Resources */,
			);
			runOnlyForDeploymentPostprocessing = 0;
		};
		2DDB39E01A33B61100FB4D5D /* Resources */ = {
			isa = PBXResourcesBuildPhase;
			buildActionMask = 2147483647;
			files = (
			);
			runOnlyForDeploymentPostprocessing = 0;
		};
/* End PBXResourcesBuildPhase section */

/* Begin PBXSourcesBuildPhase section */
		2DDB39C61A33B61000FB4D5D /* Sources */ = {
			isa = PBXSourcesBuildPhase;
			buildActionMask = 2147483647;
			files = (
				2DDB39D51A33B61100FB4D5D /* ViewController.swift in Sources */,
				2DDB39D01A33B61000FB4D5D /* AppDelegate.swift in Sources */,
				2DDB39D31A33B61100FB4D5D /* Stormy.xcdatamodeld in Sources */,
				2DDB39F31A33F31D00FB4D5D /* Current.swift in Sources */,
			);
			runOnlyForDeploymentPostprocessing = 0;
		};
		2DDB39DE1A33B61100FB4D5D /* Sources */ = {
			isa = PBXSourcesBuildPhase;
			buildActionMask = 2147483647;
			files = (
				2DDB39E91A33B61100FB4D5D /* StormyTests.swift in Sources */,
			);
			runOnlyForDeploymentPostprocessing = 0;
		};
/* End PBXSourcesBuildPhase section */

/* Begin PBXTargetDependency section */
		2DDB39E41A33B61100FB4D5D /* PBXTargetDependency */ = {
			isa = PBXTargetDependency;
			target = 2DDB39C91A33B61000FB4D5D /* Stormy */;
			targetProxy = 2DDB39E31A33B61100FB4D5D /* PBXContainerItemProxy */;
		};
/* End PBXTargetDependency section */

/* Begin PBXVariantGroup section */
		2DDB39D61A33B61100FB4D5D /* Main.storyboard */ = {
			isa = PBXVariantGroup;
			children = (
				2DDB39D71A33B61100FB4D5D /* Base */,
			);
			name = Main.storyboard;
			sourceTree = "<group>";
		};
		2DDB39DB1A33B61100FB4D5D /* LaunchScreen.xib */ = {
			isa = PBXVariantGroup;
			children = (
				2DDB39DC1A33B61100FB4D5D /* Base */,
			);
			name = LaunchScreen.xib;
			sourceTree = "<group>";
		};
/* End PBXVariantGroup section */

/* Begin XCBuildConfiguration section */
		2DDB39EA1A33B61100FB4D5D /* Debug */ = {
			isa = XCBuildConfiguration;
			buildSettings = {
				ALWAYS_SEARCH_USER_PATHS = NO;
				CLANG_CXX_LANGUAGE_STANDARD = "gnu++0x";
				CLANG_CXX_LIBRARY = "libc++";
				CLANG_ENABLE_MODULES = YES;
				CLANG_ENABLE_OBJC_ARC = YES;
				CLANG_WARN_BOOL_CONVERSION = YES;
				CLANG_WARN_CONSTANT_CONVERSION = YES;
				CLANG_WARN_DIRECT_OBJC_ISA_USAGE = YES_ERROR;
				CLANG_WARN_EMPTY_BODY = YES;
				CLANG_WARN_ENUM_CONVERSION = YES;
				CLANG_WARN_INT_CONVERSION = YES;
				CLANG_WARN_OBJC_ROOT_CLASS = YES_ERROR;
				CLANG_WARN_UNREACHABLE_CODE = YES;
				CLANG_WARN__DUPLICATE_METHOD_MATCH = YES;
				"CODE_SIGN_IDENTITY[sdk=iphoneos*]" = "iPhone Developer";
				COPY_PHASE_STRIP = NO;
				ENABLE_STRICT_OBJC_MSGSEND = YES;
				GCC_C_LANGUAGE_STANDARD = gnu99;
				GCC_DYNAMIC_NO_PIC = NO;
				GCC_OPTIMIZATION_LEVEL = 0;
				GCC_PREPROCESSOR_DEFINITIONS = (
					"DEBUG=1",
					"$(inherited)",
				);
				GCC_SYMBOLS_PRIVATE_EXTERN = NO;
				GCC_WARN_64_TO_32_BIT_CONVERSION = YES;
				GCC_WARN_ABOUT_RETURN_TYPE = YES_ERROR;
				GCC_WARN_UNDECLARED_SELECTOR = YES;
				GCC_WARN_UNINITIALIZED_AUTOS = YES_AGGRESSIVE;
				GCC_WARN_UNUSED_FUNCTION = YES;
				GCC_WARN_UNUSED_VARIABLE = YES;
				IPHONEOS_DEPLOYMENT_TARGET = 8.1;
				MTL_ENABLE_DEBUG_INFO = YES;
				ONLY_ACTIVE_ARCH = YES;
				SDKROOT = iphoneos;
				SWIFT_OPTIMIZATION_LEVEL = "-Onone";
			};
			name = Debug;
		};
		2DDB39EB1A33B61100FB4D5D /* Release */ = {
			isa = XCBuildConfiguration;
			buildSettings = {
				ALWAYS_SEARCH_USER_PATHS = NO;
				CLANG_CXX_LANGUAGE_STANDARD = "gnu++0x";
				CLANG_CXX_LIBRARY = "libc++";
				CLANG_ENABLE_MODULES = YES;
				CLANG_ENABLE_OBJC_ARC = YES;
				CLANG_WARN_BOOL_CONVERSION = YES;
				CLANG_WARN_CONSTANT_CONVERSION = YES;
				CLANG_WARN_DIRECT_OBJC_ISA_USAGE = YES_ERROR;
				CLANG_WARN_EMPTY_BODY = YES;
				CLANG_WARN_ENUM_CONVERSION = YES;
				CLANG_WARN_INT_CONVERSION = YES;
				CLANG_WARN_OBJC_ROOT_CLASS = YES_ERROR;
				CLANG_WARN_UNREACHABLE_CODE = YES;
				CLANG_WARN__DUPLICATE_METHOD_MATCH = YES;
				"CODE_SIGN_IDENTITY[sdk=iphoneos*]" = "iPhone Developer";
				COPY_PHASE_STRIP = YES;
				ENABLE_NS_ASSERTIONS = NO;
				ENABLE_STRICT_OBJC_MSGSEND = YES;
				GCC_C_LANGUAGE_STANDARD = gnu99;
				GCC_WARN_64_TO_32_BIT_CONVERSION = YES;
				GCC_WARN_ABOUT_RETURN_TYPE = YES_ERROR;
				GCC_WARN_UNDECLARED_SELECTOR = YES;
				GCC_WARN_UNINITIALIZED_AUTOS = YES_AGGRESSIVE;
				GCC_WARN_UNUSED_FUNCTION = YES;
				GCC_WARN_UNUSED_VARIABLE = YES;
				IPHONEOS_DEPLOYMENT_TARGET = 8.1;
				MTL_ENABLE_DEBUG_INFO = NO;
				SDKROOT = iphoneos;
				VALIDATE_PRODUCT = YES;
			};
			name = Release;
		};
		2DDB39ED1A33B61100FB4D5D /* Debug */ = {
			isa = XCBuildConfiguration;
			buildSettings = {
				ASSETCATALOG_COMPILER_APPICON_NAME = AppIcon;
				INFOPLIST_FILE = Stormy/Info.plist;
				LD_RUNPATH_SEARCH_PATHS = "$(inherited) @executable_path/Frameworks";
				PRODUCT_NAME = "$(TARGET_NAME)";
			};
			name = Debug;
		};
		2DDB39EE1A33B61100FB4D5D /* Release */ = {
			isa = XCBuildConfiguration;
			buildSettings = {
				ASSETCATALOG_COMPILER_APPICON_NAME = AppIcon;
				INFOPLIST_FILE = Stormy/Info.plist;
				LD_RUNPATH_SEARCH_PATHS = "$(inherited) @executable_path/Frameworks";
				PRODUCT_NAME = "$(TARGET_NAME)";
			};
			name = Release;
		};
		2DDB39F01A33B61100FB4D5D /* Debug */ = {
			isa = XCBuildConfiguration;
			buildSettings = {
				BUNDLE_LOADER = "$(TEST_HOST)";
				FRAMEWORK_SEARCH_PATHS = (
					"$(SDKROOT)/Developer/Library/Frameworks",
					"$(inherited)",
				);
				GCC_PREPROCESSOR_DEFINITIONS = (
					"DEBUG=1",
					"$(inherited)",
				);
				INFOPLIST_FILE = StormyTests/Info.plist;
				LD_RUNPATH_SEARCH_PATHS = "$(inherited) @executable_path/Frameworks @loader_path/Frameworks";
				PRODUCT_NAME = "$(TARGET_NAME)";
				TEST_HOST = "$(BUILT_PRODUCTS_DIR)/Stormy.app/Stormy";
			};
			name = Debug;
		};
		2DDB39F11A33B61100FB4D5D /* Release */ = {
			isa = XCBuildConfiguration;
			buildSettings = {
				BUNDLE_LOADER = "$(TEST_HOST)";
				FRAMEWORK_SEARCH_PATHS = (
					"$(SDKROOT)/Developer/Library/Frameworks",
					"$(inherited)",
				);
				INFOPLIST_FILE = StormyTests/Info.plist;
				LD_RUNPATH_SEARCH_PATHS = "$(inherited) @executable_path/Frameworks @loader_path/Frameworks";
				PRODUCT_NAME = "$(TARGET_NAME)";
				TEST_HOST = "$(BUILT_PRODUCTS_DIR)/Stormy.app/Stormy";
			};
			name = Release;
		};
/* End XCBuildConfiguration section */

/* Begin XCConfigurationList section */
		2DDB39C51A33B61000FB4D5D /* Build configuration list for PBXProject "Stormy" */ = {
			isa = XCConfigurationList;
			buildConfigurations = (
				2DDB39EA1A33B61100FB4D5D /* Debug */,
				2DDB39EB1A33B61100FB4D5D /* Release */,
			);
			defaultConfigurationIsVisible = 0;
			defaultConfigurationName = Release;
		};
		2DDB39EC1A33B61100FB4D5D /* Build configuration list for PBXNativeTarget "Stormy" */ = {
			isa = XCConfigurationList;
			buildConfigurations = (
				2DDB39ED1A33B61100FB4D5D /* Debug */,
				2DDB39EE1A33B61100FB4D5D /* Release */,
			);
			defaultConfigurationIsVisible = 0;
			defaultConfigurationName = Release;
		};
		2DDB39EF1A33B61100FB4D5D /* Build configuration list for PBXNativeTarget "StormyTests" */ = {
			isa = XCConfigurationList;
			buildConfigurations = (
				2DDB39F01A33B61100FB4D5D /* Debug */,
				2DDB39F11A33B61100FB4D5D /* Release */,
			);
			defaultConfigurationIsVisible = 0;
			defaultConfigurationName = Release;
		};
/* End XCConfigurationList section */

/* Begin XCVersionGroup section */
		2DDB39D11A33B61000FB4D5D /* Stormy.xcdatamodeld */ = {
			isa = XCVersionGroup;
			children = (
				2DDB39D21A33B61000FB4D5D /* Stormy.xcdatamodel */,
			);
			currentVersion = 2DDB39D21A33B61000FB4D5D /* Stormy.xcdatamodel */;
			path = Stormy.xcdatamodeld;
			sourceTree = "<group>";
			versionGroupType = wrapper.xcdatamodel;
		};
/* End XCVersionGroup section */
	};
	rootObject = 2DDB39C21A33B61000FB4D5D /* Project object */;
}
